
Microsoft Visual Studio Solution File, Format Version 12.00
# Visual Studio 2013
VisualStudioVersion = 12.0.21005.1
MinimumVisualStudioVersion = 10.0.40219.1
Project("{FAE04EC0-301F-11D3-BF4B-00C04F79EFBC}") = "Ent.Common", "Ent.Common\Ent.Common.csproj", "{F2BB9C73-8B93-48B3-9F56-14882AA82458}"
EndProject
Project("{FAE04EC0-301F-11D3-BF4B-00C04F79EFBC}") = "Ent.DataAccess", "Ent.DataAccess\Ent.DataAccess.csproj", "{F365D770-2367-431E-81C0-450F84FB0B9E}"
EndProject
Project("{FAE04EC0-301F-11D3-BF4B-00C04F79EFBC}") = "Ent.Model", "Ent.Model\Ent.Model.csproj", "{F0EFB1DC-CEFF-4314-BF1A-15CAA71BDE66}"
EndProject
Project("{FAE04EC0-301F-11D3-BF4B-00C04F79EFBC}") = "Ent.Mid.Sdk", "Ent.Mid.Sdk\Ent.Mid.Sdk.csproj", "{7C0568C9-0F77-4283-B1C6-D26076C7493C}"
EndProject
Project("{2150E333-8FDC-42A3-9474-1A3956D46DE8}") = "Service", "Service", "{13332C0F-C515-445E-9C3A-23BF391675F4}"
EndProject
Project("{2150E333-8FDC-42A3-9474-1A3956D46DE8}") = "Application", "Application", "{242662B1-6939-4994-A785-F86AB7744B5F}"
EndProject
Project("{2150E333-8FDC-42A3-9474-1A3956D46DE8}") = "Common", "Common", "{82DE7B88-CD90-494D-BEAE-EE88B232DDA7}"
EndProject
Project("{FAE04EC0-301F-11D3-BF4B-00C04F79EFBC}") = "Ent.Service.AllSetting", "Service\Ent.Service.AllSetting\Ent.Service.AllSetting.csproj", "{1540BDBC-EC79-42F9-96B8-B551056D669A}"
EndProject
Project("{FAE04EC0-301F-11D3-BF4B-00C04F79EFBC}") = "Ent.Service.Bespeak", "Service\Ent.Service.Bespeak\Ent.Service.Bespeak.csproj", "{23D9FA20-98AE-429A-927D-4440C34A195D}"
EndProject
Project("{FAE04EC0-301F-11D3-BF4B-00C04F79EFBC}") = "Ent.Service.Customer", "Service\Ent.Service.Customer\Ent.Service.Customer.csproj", "{7C6D3A4B-86AC-4D70-81CD-0F365ED9F477}"
EndProject
Project("{FAE04EC0-301F-11D3-BF4B-00C04F79EFBC}") = "Ent.Service.InviteBids", "Service\Ent.Service.InviteBids\Ent.Service.InviteBids.csproj", "{8C6AD22C-0065-4B30-940C-DBE9A90BF7FB}"
EndProject
Project("{FAE04EC0-301F-11D3-BF4B-00C04F79EFBC}") = "Ent.Service.Order", "Service\Ent.Service.Order\Ent.Service.Order.csproj", "{8C8F9F49-4335-4EE5-97B1-3F4E1166FE62}"
EndProject
Project("{FAE04EC0-301F-11D3-BF4B-00C04F79EFBC}") = "Ent.Service.Seller", "Service\Ent.Service.Seller\Ent.Service.Seller.csproj", "{A971BC3F-A224-4DC3-B49C-5E7CC5A9A8CD}"
EndProject
Project("{FAE04EC0-301F-11D3-BF4B-00C04F79EFBC}") = "Ent.Service.User", "Service\Ent.Service.User\Ent.Service.User.csproj", "{908E8008-688D-44A0-A07B-61E7C3D4101E}"
EndProject
Project("{FAE04EC0-301F-11D3-BF4B-00C04F79EFBC}") = "Aijia.User", "Application\Aijia.User\Aijia.User.csproj", "{2871F40E-498D-40CC-97B4-98FE0F88FB7E}"
EndProject
Project("{FAE04EC0-301F-11D3-BF4B-00C04F79EFBC}") = "Test", "Application\Test\Test.csproj", "{9485988E-1BEB-4BFD-94E1-3BD56790FDE4}"
EndProject
Global
	GlobalSection(SolutionConfigurationPlatforms) = preSolution
		Debug|Any CPU = Debug|Any CPU
		Release|Any CPU = Release|Any CPU
	EndGlobalSection
	GlobalSection(ProjectConfigurationPlatforms) = postSolution
		{F2BB9C73-8B93-48B3-9F56-14882AA82458}.Debug|Any CPU.ActiveCfg = Debug|Any CPU
		{F2BB9C73-8B93-48B3-9F56-14882AA82458}.Debug|Any CPU.Build.0 = Debug|Any CPU
		{F2BB9C73-8B93-48B3-9F56-14882AA82458}.Release|Any CPU.ActiveCfg = Release|Any CPU
		{F2BB9C73-8B93-48B3-9F56-14882AA82458}.Release|Any CPU.Build.0 = Release|Any CPU
		{F365D770-2367-431E-81C0-450F84FB0B9E}.Debug|Any CPU.ActiveCfg = Debug|Any CPU
		{F365D770-2367-431E-81C0-450F84FB0B9E}.Debug|Any CPU.Build.0 = Debug|Any CPU
		{F365D770-2367-431E-81C0-450F84FB0B9E}.Release|Any CPU.ActiveCfg = Release|Any CPU
		{F365D770-2367-431E-81C0-450F84FB0B9E}.Release|Any CPU.Build.0 = Release|Any CPU
		{F0EFB1DC-CEFF-4314-BF1A-15CAA71BDE66}.Debug|Any CPU.ActiveCfg = Debug|Any CPU
		{F0EFB1DC-CEFF-4314-BF1A-15CAA71BDE66}.Debug|Any CPU.Build.0 = Debug|Any CPU
		{F0EFB1DC-CEFF-4314-BF1A-15CAA71BDE66}.Release|Any CPU.ActiveCfg = Release|Any CPU
		{F0EFB1DC-CEFF-4314-BF1A-15CAA71BDE66}.Release|Any CPU.Build.0 = Release|Any CPU
		{7C0568C9-0F77-4283-B1C6-D26076C7493C}.Debug|Any CPU.ActiveCfg = Debug|Any CPU
		{7C0568C9-0F77-4283-B1C6-D26076C7493C}.Debug|Any CPU.Build.0 = Debug|Any CPU
		{7C0568C9-0F77-4283-B1C6-D26076C7493C}.Release|Any CPU.ActiveCfg = Release|Any CPU
		{7C0568C9-0F77-4283-B1C6-D26076C7493C}.Release|Any CPU.Build.0 = Release|Any CPU
		{1540BDBC-EC79-42F9-96B8-B551056D669A}.Debug|Any CPU.ActiveCfg = Debug|Any CPU
		{1540BDBC-EC79-42F9-96B8-B551056D669A}.Debug|Any CPU.Build.0 = Debug|Any CPU
		{1540BDBC-EC79-42F9-96B8-B551056D669A}.Release|Any CPU.ActiveCfg = Release|Any CPU
		{1540BDBC-EC79-42F9-96B8-B551056D669A}.Release|Any CPU.Build.0 = Release|Any CPU
		{23D9FA20-98AE-429A-927D-4440C34A195D}.Debug|Any CPU.ActiveCfg = Debug|Any CPU
		{23D9FA20-98AE-429A-927D-4440C34A195D}.Debug|Any CPU.Build.0 = Debug|Any CPU
		{23D9FA20-98AE-429A-927D-4440C34A195D}.Release|Any CPU.ActiveCfg = Release|Any CPU
		{23D9FA20-98AE-429A-927D-4440C34A195D}.Release|Any CPU.Build.0 = Release|Any CPU
		{7C6D3A4B-86AC-4D70-81CD-0F365ED9F477}.Debug|Any CPU.ActiveCfg = Debug|Any CPU
		{7C6D3A4B-86AC-4D70-81CD-0F365ED9F477}.Debug|Any CPU.Build.0 = Debug|Any CPU
		{7C6D3A4B-86AC-4D70-81CD-0F365ED9F477}.Release|Any CPU.ActiveCfg = Release|Any CPU
		{7C6D3A4B-86AC-4D70-81CD-0F365ED9F477}.Release|Any CPU.Build.0 = Release|Any CPU
		{8C6AD22C-0065-4B30-940C-DBE9A90BF7FB}.Debug|Any CPU.ActiveCfg = Debug|Any CPU
		{8C6AD22C-0065-4B30-940C-DBE9A90BF7FB}.Debug|Any CPU.Build.0 = Debug|Any CPU
		{8C6AD22C-0065-4B30-940C-DBE9A90BF7FB}.Release|Any CPU.ActiveCfg = Release|Any CPU
		{8C6AD22C-0065-4B30-940C-DBE9A90BF7FB}.Release|Any CPU.Build.0 = Release|Any CPU
		{8C8F9F49-4335-4EE5-97B1-3F4E1166FE62}.Debug|Any CPU.ActiveCfg = Debug|Any CPU
		{8C8F9F49-4335-4EE5-97B1-3F4E1166FE62}.Debug|Any CPU.Build.0 = Debug|Any CPU
		{8C8F9F49-4335-4EE5-97B1-3F4E1166FE62}.Release|Any CPU.ActiveCfg = Release|Any CPU
		{8C8F9F49-4335-4EE5-97B1-3F4E1166FE62}.Release|Any CPU.Build.0 = Release|Any CPU
		{A971BC3F-A224-4DC3-B49C-5E7CC5A9A8CD}.Debug|Any CPU.ActiveCfg = Debug|Any CPU
		{A971BC3F-A224-4DC3-B49C-5E7CC5A9A8CD}.Debug|Any CPU.Build.0 = Debug|Any CPU
		{A971BC3F-A224-4DC3-B49C-5E7CC5A9A8CD}.Release|Any CPU.ActiveCfg = Release|Any CPU
		{A971BC3F-A224-4DC3-B49C-5E7CC5A9A8CD}.Release|Any CPU.Build.0 = Release|Any CPU
		{908E8008-688D-44A0-A07B-61E7C3D4101E}.Debug|Any CPU.ActiveCfg = Debug|Any CPU
		{908E8008-688D-44A0-A07B-61E7C3D4101E}.Debug|Any CPU.Build.0 = Debug|Any CPU
		{908E8008-688D-44A0-A07B-61E7C3D4101E}.Release|Any CPU.ActiveCfg = Release|Any CPU
		{908E8008-688D-44A0-A07B-61E7C3D4101E}.Release|Any CPU.Build.0 = Release|Any CPU
		{2871F40E-498D-40CC-97B4-98FE0F88FB7E}.Debug|Any CPU.ActiveCfg = Debug|Any CPU
		{2871F40E-498D-40CC-97B4-98FE0F88FB7E}.Debug|Any CPU.Build.0 = Debug|Any CPU
		{2871F40E-498D-40CC-97B4-98FE0F88FB7E}.Release|Any CPU.ActiveCfg = Release|Any CPU
		{2871F40E-498D-40CC-97B4-98FE0F88FB7E}.Release|Any CPU.Build.0 = Release|Any CPU
		{9485988E-1BEB-4BFD-94E1-3BD56790FDE4}.Debug|Any CPU.ActiveCfg = Debug|Any CPU
		{9485988E-1BEB-4BFD-94E1-3BD56790FDE4}.Debug|Any CPU.Build.0 = Debug|Any CPU
		{9485988E-1BEB-4BFD-94E1-3BD56790FDE4}.Release|Any CPU.ActiveCfg = Release|Any CPU
		{9485988E-1BEB-4BFD-94E1-3BD56790FDE4}.Release|Any CPU.Build.0 = Release|Any CPU
	EndGlobalSection
	GlobalSection(SolutionProperties) = preSolution
		HideSolutionNode = FALSE
	EndGlobalSection
	GlobalSection(NestedProjects) = preSolution
		{F365D770-2367-431E-81C0-450F84FB0B9E} = {82DE7B88-CD90-494D-BEAE-EE88B232DDA7}
		{F2BB9C73-8B93-48B3-9F56-14882AA82458} = {82DE7B88-CD90-494D-BEAE-EE88B232DDA7}
		{1540BDBC-EC79-42F9-96B8-B551056D669A} = {13332C0F-C515-445E-9C3A-23BF391675F4}
		{23D9FA20-98AE-429A-927D-4440C34A195D} = {13332C0F-C515-445E-9C3A-23BF391675F4}
		{7C6D3A4B-86AC-4D70-81CD-0F365ED9F477} = {13332C0F-C515-445E-9C3A-23BF391675F4}
		{8C6AD22C-0065-4B30-940C-DBE9A90BF7FB} = {13332C0F-C515-445E-9C3A-23BF391675F4}
		{8C8F9F49-4335-4EE5-97B1-3F4E1166FE62} = {13332C0F-C515-445E-9C3A-23BF391675F4}
		{A971BC3F-A224-4DC3-B49C-5E7CC5A9A8CD} = {13332C0F-C515-445E-9C3A-23BF391675F4}
		{908E8008-688D-44A0-A07B-61E7C3D4101E} = {13332C0F-C515-445E-9C3A-23BF391675F4}
		{2871F40E-498D-40CC-97B4-98FE0F88FB7E} = {242662B1-6939-4994-A785-F86AB7744B5F}
		{9485988E-1BEB-4BFD-94E1-3BD56790FDE4} = {242662B1-6939-4994-A785-F86AB7744B5F}
	EndGlobalSection
EndGlobal
